
Microsoft Visual Studio Solution File, Format Version 12.00
# Visual Studio Version 17
VisualStudioVersion = 17.14.36221.1 d17.14
MinimumVisualStudioVersion = 10.0.40219.1
Project("{FAE04EC0-301F-11D3-BF4B-00C04F79EFBC}") = "HedgehogApp", "HedgehogApp\HedgehogApp.csproj", "{AB105E51-704D-461E-ABCA-0A712DC99939}"
EndProject
Project("{2150E333-8FDC-42A3-9474-1A3956D46DE8}") = "JsSudoku", "JsSudoku", "{36D591C7-65C7-A0D1-1CBC-10CDE441BDC8}"
	ProjectSection(SolutionItems) = preProject
		validSolution.js = validSolution.js
	EndProjectSection
EndProject
Global
	GlobalSection(SolutionConfigurationPlatforms) = preSolution
		Debug|Any CPU = Debug|Any CPU
		Release|Any CPU = Release|Any CPU
	EndGlobalSection
	GlobalSection(ProjectConfigurationPlatforms) = postSolution
		{AB105E51-704D-461E-ABCA-0A712DC99939}.Debug|Any CPU.ActiveCfg = Debug|Any CPU
		{AB105E51-704D-461E-ABCA-0A712DC99939}.Debug|Any CPU.Build.0 = Debug|Any CPU
		{AB105E51-704D-461E-ABCA-0A712DC99939}.Release|Any CPU.ActiveCfg = Release|Any CPU
		{AB105E51-704D-461E-ABCA-0A712DC99939}.Release|Any CPU.Build.0 = Release|Any CPU
	EndGlobalSection
	GlobalSection(SolutionProperties) = preSolution
		HideSolutionNode = FALSE
	EndGlobalSection
	GlobalSection(ExtensibilityGlobals) = postSolution
		SolutionGuid = {EB6A6EDB-FF80-418E-A996-70CC2E4DAA3A}
	EndGlobalSection
EndGlobal
